// !$*UTF8*$!
{
	archiveVersion = 1;
	classes = {};
	objectVersion = 77;
	objects = {

		A10000000000000000000001 /* Project object */ = {
			isa = PBXProject;
			attributes = { BuildIndependentTargetsInParallel = 1; LastUpgradeCheck = 2700; TargetAttributes = { A10000000000000000000010 = { CreatedOnToolsVersion = 27.0; }; }; };
			buildConfigurationList = A10000000000000000000002;
			compatibilityVersion = "Xcode 16.0";
			developmentRegion = en;
			hasScannedForEncodings = 0;
			knownRegions = (en, Base,);
			mainGroup = A10000000000000000000003;
			packageReferences = (A10000000000000000000040, A10000000000000000000041,);
			productRefGroup = A10000000000000000000004;
			projectDirPath = "";
			projectRoot = "";
			targets = (A10000000000000000000010,);
		};
		A10000000000000000000003 = { isa = PBXGroup; children = (A10000000000000000000020, A10000000000000000000004,); sourceTree = "<group>"; };
		A10000000000000000000004 = { isa = PBXGroup; children = (A10000000000000000000030,); name = Products; sourceTree = "<group>"; };
		A10000000000000000000020 /* JichangMac */ = { isa = PBXFileSystemSynchronizedRootGroup; path = JichangMac; sourceTree = "<group>"; };
		A10000000000000000000030 /* JichangMac.app */ = { isa = PBXFileReference; explicitFileType = wrapper.application; includeInIndex = 0; path = JichangMac.app; sourceTree = BUILT_PRODUCTS_DIR; };

		A10000000000000000000010 /* JichangMac */ = {
			isa = PBXNativeTarget;
			buildConfigurationList = A10000000000000000000012;
			buildPhases = (A10000000000000000000050, A10000000000000000000051, A10000000000000000000052,);
			buildRules = ();
			dependencies = ();
			fileSystemSynchronizedGroups = (A10000000000000000000020,);
			name = JichangMac;
			packageProductDependencies = (A10000000000000000000042, A10000000000000000000043,);
			productName = JichangMac;
			productReference = A10000000000000000000030;
			productType = "com.apple.product-type.application";
		};
		A10000000000000000000050 /* Sources */ = { isa = PBXSourcesBuildPhase; buildActionMask = 2147483647; files = (); runOnlyForDeploymentPostprocessing = 0; };
		A10000000000000000000051 /* Frameworks */ = { isa = PBXFrameworksBuildPhase; buildActionMask = 2147483647; files = (A10000000000000000000070, A10000000000000000000071,); runOnlyForDeploymentPostprocessing = 0; };
		A10000000000000000000052 /* Resources */ = { isa = PBXResourcesBuildPhase; buildActionMask = 2147483647; files = (); runOnlyForDeploymentPostprocessing = 0; };

		A10000000000000000000012 = { isa = XCConfigurationList; buildConfigurations = (A10000000000000000000080, A10000000000000000000081,); defaultConfigurationIsVisible = 0; defaultConfigurationName = Release; };
		A10000000000000000000002 = { isa = XCConfigurationList; buildConfigurations = (A10000000000000000000084, A10000000000000000000085,); defaultConfigurationIsVisible = 0; defaultConfigurationName = Release; };
		A10000000000000000000080 /* Debug JichangMac */ = { isa = XCBuildConfiguration; buildSettings = { CODE_SIGN_IDENTITY = "-"; CODE_SIGN_STYLE = Manual; CURRENT_PROJECT_VERSION = 31; ENABLE_APP_SANDBOX = NO; ENABLE_TESTABILITY = YES; GENERATE_INFOPLIST_FILE = YES; INFOPLIST_KEY_CFBundleDisplayName = "鸡场"; INFOPLIST_KEY_LSApplicationCategoryType = "public.app-category.utilities"; INFOPLIST_KEY_NSLocalNetworkUsageDescription = "用于在局域网内分享生成的配置文件。"; MACOSX_DEPLOYMENT_TARGET = 15.0; MARKETING_VERSION = 0.9.9; PRODUCT_BUNDLE_IDENTIFIER = com.jzb.jichang.mac; PRODUCT_NAME = "$(TARGET_NAME)"; SDKROOT = macosx; SUPPORTED_PLATFORMS = macosx; SWIFT_EMIT_LOC_STRINGS = YES; SWIFT_VERSION = 6.0; ARCHS = arm64; }; name = Debug; };
		A10000000000000000000081 /* Release JichangMac */ = { isa = XCBuildConfiguration; buildSettings = { CODE_SIGN_IDENTITY = "-"; CODE_SIGN_STYLE = Manual; CURRENT_PROJECT_VERSION = 31; ENABLE_APP_SANDBOX = NO; GENERATE_INFOPLIST_FILE = YES; INFOPLIST_KEY_CFBundleDisplayName = "鸡场"; INFOPLIST_KEY_LSApplicationCategoryType = "public.app-category.utilities"; INFOPLIST_KEY_NSLocalNetworkUsageDescription = "用于在局域网内分享生成的配置文件。"; MACOSX_DEPLOYMENT_TARGET = 15.0; MARKETING_VERSION = 0.9.9; PRODUCT_BUNDLE_IDENTIFIER = com.jzb.jichang.mac; PRODUCT_NAME = "$(TARGET_NAME)"; SDKROOT = macosx; SUPPORTED_PLATFORMS = macosx; SWIFT_EMIT_LOC_STRINGS = YES; SWIFT_VERSION = 6.0; ARCHS = arm64; }; name = Release; };
		A10000000000000000000084 /* Debug Project */ = { isa = XCBuildConfiguration; buildSettings = { MACOSX_DEPLOYMENT_TARGET = 15.0; }; name = Debug; };
		A10000000000000000000085 /* Release Project */ = { isa = XCBuildConfiguration; buildSettings = { MACOSX_DEPLOYMENT_TARGET = 15.0; }; name = Release; };

		A10000000000000000000040 /* Yams */ = { isa = XCRemoteSwiftPackageReference; repositoryURL = "https://github.com/jpsim/Yams.git"; requirement = { kind = upToNextMajorVersion; minimumVersion = 5.4.0; }; };
		A10000000000000000000041 /* ZIPFoundation */ = { isa = XCRemoteSwiftPackageReference; repositoryURL = "https://github.com/weichsel/ZIPFoundation.git"; requirement = { kind = upToNextMajorVersion; minimumVersion = 0.9.19; }; };
		A10000000000000000000042 /* Yams product */ = { isa = XCSwiftPackageProductDependency; package = A10000000000000000000040; productName = Yams; };
		A10000000000000000000043 /* ZIPFoundation product */ = { isa = XCSwiftPackageProductDependency; package = A10000000000000000000041; productName = ZIPFoundation; };
		A10000000000000000000070 /* Yams */ = { isa = PBXBuildFile; productRef = A10000000000000000000042; };
		A10000000000000000000071 /* ZIPFoundation */ = { isa = PBXBuildFile; productRef = A10000000000000000000043; };
	};
	rootObject = A10000000000000000000001;
}
